<?xml version="1.0" encoding="utf-8"?>
<Project ToolsVersion="4.0" xmlns="http://schemas.microsoft.com/developer/msbuild/2003">
  <ItemGroup>
    <Filter Include="Source Files">
      <UniqueIdentifier>{4FC737F1-C7A5-4376-A066-2A32D752A2FF}</UniqueIdentifier>
      <Extensions>cpp;c;cc;cxx;c++;cppm;ixx;def;odl;idl;hpj;bat;asm;asmx</Extensions>
    </Filter>
    <Filter Include="Header Files">
      <UniqueIdentifier>{93995380-89BD-4b04-88EB-625FBE52EBFB}</UniqueIdentifier>
      <Extensions>h;hh;hpp;hxx;h++;hm;inl;inc;ipp;xsd</Extensions>
    </Filter>
    <Filter Include="Resource Files">
      <UniqueIdentifier>{67DA6AB6-F800-4c08-8B7A-83BB121AAD01}</UniqueIdentifier>
      <Extensions>rc;ico;cur;bmp;dlg;rc2;rct;bin;rgs;gif;jpg;jpeg;jpe;resx;tiff;tif;png;wav;mfcribbon-ms</Extensions>
    </Filter>
    <Filter Include="src">
      <UniqueIdentifier>{86b444c6-e8a7-4b08-ab85-efb41e2deeb0}</UniqueIdentifier>
    </Filter>
    <Filter Include="include">
      <UniqueIdentifier>{8b6e07ca-5a52-41d2-a573-4996cf027b3b}</UniqueIdentifier>
    </Filter>
  </ItemGroup>
  <ItemGroup>
    <ClCompile Include="Lab2_OOP.cpp">
      <Filter>Source Files</Filter>
    </ClCompile>
    <ClCompile Include="LightThemeFactory.cpp">
      <Filter>src</Filter>
    </ClCompile>
    <ClCompile Include="DarkThemeFactory.cpp">
      <Filter>src</Filter>
    </ClCompile>
    <ClCompile Include="HighContrastThemeFactory.cpp">
      <Filter>src</Filter>
    </ClCompile>
    <ClCompile Include="SepiaThemeFactory.cpp">
      <Filter>src</Filter>
    </ClCompile>
    <ClCompile Include="NordThemeFactory.cpp">
      <Filter>src</Filter>
    </ClCompile>
    <ClCompile Include="CompactThemeFactory.cpp">
      <Filter>src</Filter>
    </ClCompile>
    <ClCompile Include="ReadableThemeFactory.cpp">
      <Filter>src</Filter>
    </ClCompile>
    <ClCompile Include="ThemeRegistry.cpp">
      <Filter>src</Filter>
    </ClCompile>
    <ClCompile Include="UIRenderer.cpp">
      <Filter>src</Filter>
    </ClCompile>
    <ClCompile Include="QueryBuilder.cpp">
      <Filter>src</Filter>
    </ClCompile>
    <ClCompile Include="QueryBuilderFactory.cpp">
      <Filter>src</Filter>
    </ClCompile>
  </ItemGroup>
  <ItemGroup>
    <ClInclude Include="ComponentFactory.h">
      <Filter>include</Filter>
    </ClInclude>
    <ClInclude Include="LightThemeFactory.h">
      <Filter>include</Filter>
    </ClInclude>
    <ClInclude Include="DarkThemeFactory.h">
      <Filter>include</Filter>
    </ClInclude>
    <ClInclude Include="HighContrastThemeFactory.h">
      <Filter>include</Filter>
    </ClInclude>
    <ClInclude Include="SepiaThemeFactory.h">
      <Filter>include</Filter>
    </ClInclude>
    <ClInclude Include="NordThemeFactory.h">
      <Filter>include</Filter>
    </ClInclude>
    <ClInclude Include="CompactThemeFactory.h">
      <Filter>include</Filter>
    </ClInclude>
    <ClInclude Include="ReadableThemeFactory.h">
      <Filter>include</Filter>
    </ClInclude>
    <ClInclude Include="ThemeRegistry.h">
      <Filter>include</Filter>
    </ClInclude>
    <ClInclude Include="UIRenderer.h">
      <Filter>include</Filter>
    </ClInclude>
    <ClInclude Include="QueryBuilder.h">
      <Filter>include</Filter>
    </ClInclude>
    <ClInclude Include="QueryBuilderFactory.h">
      <Filter>include</Filter>
    </ClInclude>
  </ItemGroup>
</Project>