<?xml version="1.0" encoding="utf-8"?>
<Project ToolsVersion="4.0" xmlns="http://schemas.microsoft.com/developer/msbuild/2003">
  <ItemGroup>
    <Filter Include="Source Files">
      <UniqueIdentifier>{4FC737F1-C7A5-4376-A066-2A32D752A2FF}</UniqueIdentifier>
      <Extensions>cpp;c;cc;cxx;c++;cppm;ixx;def;odl;idl;hpj;bat;asm;asmx</Extensions>
    </Filter>
    <Filter Include="Header Files">
      <UniqueIdentifier>{93995380-89BD-4b04-88EB-625FBE52EBFB}</UniqueIdentifier>
      <Extensions>h;hh;hpp;hxx;h++;hm;inl;inc;ipp;xsd</Extensions>
    </Filter>
    <Filter Include="Resource Files">
      <UniqueIdentifier>{67DA6AB6-F800-4c08-8B7A-83BB121AAD01}</UniqueIdentifier>
      <Extensions>rc;ico;cur;bmp;dlg;rc2;rct;bin;rgs;gif;jpg;jpeg;jpe;resx;tiff;tif;png;wav;mfcribbon-ms</Extensions>
    </Filter>
    <Filter Include="include">
      <UniqueIdentifier>{0fdb9393-0533-49d4-b1f0-2978d3fb4d8a}</UniqueIdentifier>
    </Filter>
    <Filter Include="src">
      <UniqueIdentifier>{3b73fb2a-1f43-48fb-86dc-72770ed511f4}</UniqueIdentifier>
    </Filter>
  </ItemGroup>
  <ItemGroup>
    <ClCompile Include="main.cpp">
      <Filter>src</Filter>
    </ClCompile>
    <ClCompile Include="Logger.cpp">
      <Filter>src</Filter>
    </ClCompile>
    <ClCompile Include="ConfigManager.cpp">
      <Filter>src</Filter>
    </ClCompile>
    <ClCompile Include="EventDispatcher.cpp">
      <Filter>src</Filter>
    </ClCompile>
    <ClCompile Include="OrderProcessor.cpp">
      <Filter>src</Filter>
    </ClCompile>
    <ClCompile Include="StatisticsCollector.cpp">
      <Filter>src</Filter>
    </ClCompile>
    <ClCompile Include="ReportFactory.cpp">
      <Filter>src</Filter>
    </ClCompile>
    <ClCompile Include="SummaryReport.cpp">
      <Filter>src</Filter>
    </ClCompile>
    <ClCompile Include="DetailedReport.cpp">
      <Filter>src</Filter>
    </ClCompile>
    <ClCompile Include="CustomerReport.cpp">
      <Filter>src</Filter>
    </ClCompile>
    <ClCompile Include="PaymentMethodReport.cpp">
      <Filter>src</Filter>
    </ClCompile>
  </ItemGroup>
  <ItemGroup>
    <ClInclude Include="Order.h">
      <Filter>include</Filter>
    </ClInclude>
    <ClInclude Include="Report.h">
      <Filter>include</Filter>
    </ClInclude>
    <ClInclude Include="Logger.h">
      <Filter>include</Filter>
    </ClInclude>
    <ClInclude Include="ConfigManager.h">
      <Filter>include</Filter>
    </ClInclude>
    <ClInclude Include="EventDispatcher.h">
      <Filter>include</Filter>
    </ClInclude>
    <ClInclude Include="OrderProcessor.h">
      <Filter>include</Filter>
    </ClInclude>
    <ClInclude Include="StatisticsCollector.h">
      <Filter>include</Filter>
    </ClInclude>
    <ClInclude Include="ReportFactory.h">
      <Filter>include</Filter>
    </ClInclude>
    <ClInclude Include="SummaryReport.h">
      <Filter>include</Filter>
    </ClInclude>
    <ClInclude Include="DetailedReport.h">
      <Filter>include</Filter>
    </ClInclude>
    <ClInclude Include="CustomerReport.h">
      <Filter>include</Filter>
    </ClInclude>
    <ClInclude Include="PaymentMethodReport.h">
      <Filter>include</Filter>
    </ClInclude>
  </ItemGroup>
</Project>